
Microsoft Visual Studio Solution File, Format Version 12.00
# Visual Studio Version 16
VisualStudioVersion = 16.0.34601.136
MinimumVisualStudioVersion = 10.0.40219.1
Project("{FAE04EC0-301F-11D3-BF4B-00C04F79EFBC}") = "Proaktif Windows Firewall", "Proaktif Windows Firewall.csproj", "{6F5908AF-19EF-4AE5-86BF-FA18721BCE45}"
EndProject
Global
	GlobalSection(SolutionConfigurationPlatforms) = preSolution
		Debug|Any CPU = Debug|Any CPU
		Release|Any CPU = Release|Any CPU
	EndGlobalSection
	GlobalSection(ProjectConfigurationPlatforms) = postSolution
		{6F5908AF-19EF-4AE5-86BF-FA18721BCE45}.Debug|Any CPU.ActiveCfg = Debug|Any CPU
		{6F5908AF-19EF-4AE5-86BF-FA18721BCE45}.Debug|Any CPU.Build.0 = Debug|Any CPU
		{6F5908AF-19EF-4AE5-86BF-FA18721BCE45}.Release|Any CPU.ActiveCfg = Release|Any CPU
		{6F5908AF-19EF-4AE5-86BF-FA18721BCE45}.Release|Any CPU.Build.0 = Release|Any CPU
	EndGlobalSection
	GlobalSection(SolutionProperties) = preSolution
		HideSolutionNode = FALSE
	EndGlobalSection
	GlobalSection(ExtensibilityGlobals) = postSolution
		SolutionGuid = {0A5177CF-A659-488A-B752-C1BE9DC63B24}
	EndGlobalSection
EndGlobal
